
Microsoft Visual Studio Solution File, Format Version 12.00
# Visual Studio Version 16
VisualStudioVersion = 16.0.31424.327
MinimumVisualStudioVersion = 10.0.40219.1
Project("{FAE04EC0-301F-11D3-BF4B-00C04F79EFBC}") = "BonusScoringSystem", "BonusScoringSystem\BonusScoringSystem.csproj", "{0C48ECD0-7B8A-41E4-936E-825A3F1D104C}"
EndProject
Project("{FAE04EC0-301F-11D3-BF4B-00C04F79EFBC}") = "MuOnline", "MuOnline\MuOnline.csproj", "{7E80887C-987B-44D0-AFE0-2D36D6A0F77B}"
EndProject
Project("{FAE04EC0-301F-11D3-BF4B-00C04F79EFBC}") = "Inventory", "Inventory\Inventory.csproj", "{88E47938-8EA4-477D-A1B8-889F934F2835}"
EndProject
Global
	GlobalSection(SolutionConfigurationPlatforms) = preSolution
		Debug|Any CPU = Debug|Any CPU
		Release|Any CPU = Release|Any CPU
	EndGlobalSection
	GlobalSection(ProjectConfigurationPlatforms) = postSolution
		{0C48ECD0-7B8A-41E4-936E-825A3F1D104C}.Debug|Any CPU.ActiveCfg = Debug|Any CPU
		{0C48ECD0-7B8A-41E4-936E-825A3F1D104C}.Debug|Any CPU.Build.0 = Debug|Any CPU
		{0C48ECD0-7B8A-41E4-936E-825A3F1D104C}.Release|Any CPU.ActiveCfg = Release|Any CPU
		{0C48ECD0-7B8A-41E4-936E-825A3F1D104C}.Release|Any CPU.Build.0 = Release|Any CPU
		{7E80887C-987B-44D0-AFE0-2D36D6A0F77B}.Debug|Any CPU.ActiveCfg = Debug|Any CPU
		{7E80887C-987B-44D0-AFE0-2D36D6A0F77B}.Debug|Any CPU.Build.0 = Debug|Any CPU
		{7E80887C-987B-44D0-AFE0-2D36D6A0F77B}.Release|Any CPU.ActiveCfg = Release|Any CPU
		{7E80887C-987B-44D0-AFE0-2D36D6A0F77B}.Release|Any CPU.Build.0 = Release|Any CPU
		{88E47938-8EA4-477D-A1B8-889F934F2835}.Debug|Any CPU.ActiveCfg = Debug|Any CPU
		{88E47938-8EA4-477D-A1B8-889F934F2835}.Debug|Any CPU.Build.0 = Debug|Any CPU
		{88E47938-8EA4-477D-A1B8-889F934F2835}.Release|Any CPU.ActiveCfg = Release|Any CPU
		{88E47938-8EA4-477D-A1B8-889F934F2835}.Release|Any CPU.Build.0 = Release|Any CPU
	EndGlobalSection
	GlobalSection(SolutionProperties) = preSolution
		HideSolutionNode = FALSE
	EndGlobalSection
	GlobalSection(ExtensibilityGlobals) = postSolution
		SolutionGuid = {93F26DD5-EE55-46F7-82D2-EAE30B78D91E}
	EndGlobalSection
EndGlobal
