
Microsoft Visual Studio Solution File, Format Version 12.00
# Visual Studio Version 16
VisualStudioVersion = 16.0.31424.327
MinimumVisualStudioVersion = 10.0.40219.1
Project("{9A19103F-16F7-4668-BE54-9A1E7A4F7556}") = "NeedForSpeed", "NeedForSpeed\NeedForSpeed.csproj", "{1C975760-F43A-4675-ABC3-875AB13A548D}"
EndProject
Project("{FAE04EC0-301F-11D3-BF4B-00C04F79EFBC}") = "SecretChat", "SecretChat\SecretChat.csproj", "{C07286CE-5833-43C4-BDF6-C642FDE86E97}"
EndProject
Project("{FAE04EC0-301F-11D3-BF4B-00C04F79EFBC}") = "MirrorWords", "MirrorWords\MirrorWords.csproj", "{8C0A562E-BB99-406E-8669-02E1F60A1C1E}"
EndProject
Global
	GlobalSection(SolutionConfigurationPlatforms) = preSolution
		Debug|Any CPU = Debug|Any CPU
		Release|Any CPU = Release|Any CPU
	EndGlobalSection
	GlobalSection(ProjectConfigurationPlatforms) = postSolution
		{1C975760-F43A-4675-ABC3-875AB13A548D}.Debug|Any CPU.ActiveCfg = Debug|Any CPU
		{1C975760-F43A-4675-ABC3-875AB13A548D}.Debug|Any CPU.Build.0 = Debug|Any CPU
		{1C975760-F43A-4675-ABC3-875AB13A548D}.Release|Any CPU.ActiveCfg = Release|Any CPU
		{1C975760-F43A-4675-ABC3-875AB13A548D}.Release|Any CPU.Build.0 = Release|Any CPU
		{C07286CE-5833-43C4-BDF6-C642FDE86E97}.Debug|Any CPU.ActiveCfg = Debug|Any CPU
		{C07286CE-5833-43C4-BDF6-C642FDE86E97}.Debug|Any CPU.Build.0 = Debug|Any CPU
		{C07286CE-5833-43C4-BDF6-C642FDE86E97}.Release|Any CPU.ActiveCfg = Release|Any CPU
		{C07286CE-5833-43C4-BDF6-C642FDE86E97}.Release|Any CPU.Build.0 = Release|Any CPU
		{8C0A562E-BB99-406E-8669-02E1F60A1C1E}.Debug|Any CPU.ActiveCfg = Debug|Any CPU
		{8C0A562E-BB99-406E-8669-02E1F60A1C1E}.Debug|Any CPU.Build.0 = Debug|Any CPU
		{8C0A562E-BB99-406E-8669-02E1F60A1C1E}.Release|Any CPU.ActiveCfg = Release|Any CPU
		{8C0A562E-BB99-406E-8669-02E1F60A1C1E}.Release|Any CPU.Build.0 = Release|Any CPU
	EndGlobalSection
	GlobalSection(SolutionProperties) = preSolution
		HideSolutionNode = FALSE
	EndGlobalSection
	GlobalSection(ExtensibilityGlobals) = postSolution
		SolutionGuid = {43ECCD0E-760B-4A65-88BA-623E8288F108}
	EndGlobalSection
EndGlobal
