
Microsoft Visual Studio Solution File, Format Version 12.00
# Visual Studio Version 16
VisualStudioVersion = 16.0.31424.327
MinimumVisualStudioVersion = 10.0.40219.1
Project("{FAE04EC0-301F-11D3-BF4B-00C04F79EFBC}") = "CounterStrike", "CounterStrike\CounterStrike.csproj", "{5EE03459-17A8-4C19-98EF-018316B3B759}"
EndProject
Project("{FAE04EC0-301F-11D3-BF4B-00C04F79EFBC}") = "ShootForTheWin", "ShootForTheWin\ShootForTheWin.csproj", "{341AE244-1EF3-4C75-B86A-8FD36504243C}"
EndProject
Project("{FAE04EC0-301F-11D3-BF4B-00C04F79EFBC}") = "MovingTarget", "MovingTarget\MovingTarget.csproj", "{2FD55AD3-11AA-4D36-8862-625402CD5065}"
EndProject
Global
	GlobalSection(SolutionConfigurationPlatforms) = preSolution
		Debug|Any CPU = Debug|Any CPU
		Release|Any CPU = Release|Any CPU
	EndGlobalSection
	GlobalSection(ProjectConfigurationPlatforms) = postSolution
		{5EE03459-17A8-4C19-98EF-018316B3B759}.Debug|Any CPU.ActiveCfg = Debug|Any CPU
		{5EE03459-17A8-4C19-98EF-018316B3B759}.Debug|Any CPU.Build.0 = Debug|Any CPU
		{5EE03459-17A8-4C19-98EF-018316B3B759}.Release|Any CPU.ActiveCfg = Release|Any CPU
		{5EE03459-17A8-4C19-98EF-018316B3B759}.Release|Any CPU.Build.0 = Release|Any CPU
		{341AE244-1EF3-4C75-B86A-8FD36504243C}.Debug|Any CPU.ActiveCfg = Debug|Any CPU
		{341AE244-1EF3-4C75-B86A-8FD36504243C}.Debug|Any CPU.Build.0 = Debug|Any CPU
		{341AE244-1EF3-4C75-B86A-8FD36504243C}.Release|Any CPU.ActiveCfg = Release|Any CPU
		{341AE244-1EF3-4C75-B86A-8FD36504243C}.Release|Any CPU.Build.0 = Release|Any CPU
		{2FD55AD3-11AA-4D36-8862-625402CD5065}.Debug|Any CPU.ActiveCfg = Debug|Any CPU
		{2FD55AD3-11AA-4D36-8862-625402CD5065}.Debug|Any CPU.Build.0 = Debug|Any CPU
		{2FD55AD3-11AA-4D36-8862-625402CD5065}.Release|Any CPU.ActiveCfg = Release|Any CPU
		{2FD55AD3-11AA-4D36-8862-625402CD5065}.Release|Any CPU.Build.0 = Release|Any CPU
	EndGlobalSection
	GlobalSection(SolutionProperties) = preSolution
		HideSolutionNode = FALSE
	EndGlobalSection
	GlobalSection(ExtensibilityGlobals) = postSolution
		SolutionGuid = {2A15C055-60F4-44B5-9125-D53C309F00DF}
	EndGlobalSection
EndGlobal
