
Microsoft Visual Studio Solution File, Format Version 12.00
# Visual Studio Version 16
VisualStudioVersion = 16.0.30907.101
MinimumVisualStudioVersion = 10.0.40219.1
Project("{FAE04EC0-301F-11D3-BF4B-00C04F79EFBC}") = "Exam16dec2020", "Exam-16-dec-2020\Exam16dec2020.csproj", "{872B52A0-53F3-4068-BBFF-9A126680A2F4}"
EndProject
Project("{9A19103F-16F7-4668-BE54-9A1E7A4F7556}") = "BakeryOpenning", "Openning\BakeryOpenning.csproj", "{D8E9F8E4-52FD-4A8B-B9F4-F1680180DF1C}"
EndProject
Global
	GlobalSection(SolutionConfigurationPlatforms) = preSolution
		Debug|Any CPU = Debug|Any CPU
		Release|Any CPU = Release|Any CPU
	EndGlobalSection
	GlobalSection(ProjectConfigurationPlatforms) = postSolution
		{872B52A0-53F3-4068-BBFF-9A126680A2F4}.Debug|Any CPU.ActiveCfg = Debug|Any CPU
		{872B52A0-53F3-4068-BBFF-9A126680A2F4}.Debug|Any CPU.Build.0 = Debug|Any CPU
		{872B52A0-53F3-4068-BBFF-9A126680A2F4}.Release|Any CPU.ActiveCfg = Release|Any CPU
		{872B52A0-53F3-4068-BBFF-9A126680A2F4}.Release|Any CPU.Build.0 = Release|Any CPU
		{D8E9F8E4-52FD-4A8B-B9F4-F1680180DF1C}.Debug|Any CPU.ActiveCfg = Debug|Any CPU
		{D8E9F8E4-52FD-4A8B-B9F4-F1680180DF1C}.Debug|Any CPU.Build.0 = Debug|Any CPU
		{D8E9F8E4-52FD-4A8B-B9F4-F1680180DF1C}.Release|Any CPU.ActiveCfg = Release|Any CPU
		{D8E9F8E4-52FD-4A8B-B9F4-F1680180DF1C}.Release|Any CPU.Build.0 = Release|Any CPU
	EndGlobalSection
	GlobalSection(SolutionProperties) = preSolution
		HideSolutionNode = FALSE
	EndGlobalSection
	GlobalSection(ExtensibilityGlobals) = postSolution
		SolutionGuid = {8127CE3F-78B5-416C-861C-D19BF6E87EC3}
	EndGlobalSection
EndGlobal
