
Microsoft Visual Studio Solution File, Format Version 12.00
# Visual Studio Version 16
VisualStudioVersion = 16.0.31424.327
MinimumVisualStudioVersion = 10.0.40219.1
Project("{FAE04EC0-301F-11D3-BF4B-00C04F79EFBC}") = "ValidUsernames", "ValidUsernames\ValidUsernames.csproj", "{E3FBD5DC-C9FF-490C-ADD1-FE4124FC5ABA}"
EndProject
Project("{FAE04EC0-301F-11D3-BF4B-00C04F79EFBC}") = "ExtractFile", "ExtractFile\ExtractFile.csproj", "{8D88E38F-02CA-42B2-B97D-8C7B967361D2}"
EndProject
Project("{FAE04EC0-301F-11D3-BF4B-00C04F79EFBC}") = "CaesarCipher", "CaesarCipher\CaesarCipher.csproj", "{908D48E6-6F03-4FAC-958F-A6E04FE7293C}"
EndProject
Project("{FAE04EC0-301F-11D3-BF4B-00C04F79EFBC}") = "ReplaceRepeatingChars", "ReplaceRepeatingChars\ReplaceRepeatingChars.csproj", "{4EEF4E5F-3902-4BE9-9828-2758E2B49B8E}"
EndProject
Project("{FAE04EC0-301F-11D3-BF4B-00C04F79EFBC}") = "MultiplyBigNumber", "MultiplyBigNumber\MultiplyBigNumber.csproj", "{CE20885F-D0DA-4389-84CB-8BF2721EAB4F}"
EndProject
Global
	GlobalSection(SolutionConfigurationPlatforms) = preSolution
		Debug|Any CPU = Debug|Any CPU
		Release|Any CPU = Release|Any CPU
	EndGlobalSection
	GlobalSection(ProjectConfigurationPlatforms) = postSolution
		{E3FBD5DC-C9FF-490C-ADD1-FE4124FC5ABA}.Debug|Any CPU.ActiveCfg = Debug|Any CPU
		{E3FBD5DC-C9FF-490C-ADD1-FE4124FC5ABA}.Debug|Any CPU.Build.0 = Debug|Any CPU
		{E3FBD5DC-C9FF-490C-ADD1-FE4124FC5ABA}.Release|Any CPU.ActiveCfg = Release|Any CPU
		{E3FBD5DC-C9FF-490C-ADD1-FE4124FC5ABA}.Release|Any CPU.Build.0 = Release|Any CPU
		{8D88E38F-02CA-42B2-B97D-8C7B967361D2}.Debug|Any CPU.ActiveCfg = Debug|Any CPU
		{8D88E38F-02CA-42B2-B97D-8C7B967361D2}.Debug|Any CPU.Build.0 = Debug|Any CPU
		{8D88E38F-02CA-42B2-B97D-8C7B967361D2}.Release|Any CPU.ActiveCfg = Release|Any CPU
		{8D88E38F-02CA-42B2-B97D-8C7B967361D2}.Release|Any CPU.Build.0 = Release|Any CPU
		{908D48E6-6F03-4FAC-958F-A6E04FE7293C}.Debug|Any CPU.ActiveCfg = Debug|Any CPU
		{908D48E6-6F03-4FAC-958F-A6E04FE7293C}.Debug|Any CPU.Build.0 = Debug|Any CPU
		{908D48E6-6F03-4FAC-958F-A6E04FE7293C}.Release|Any CPU.ActiveCfg = Release|Any CPU
		{908D48E6-6F03-4FAC-958F-A6E04FE7293C}.Release|Any CPU.Build.0 = Release|Any CPU
		{4EEF4E5F-3902-4BE9-9828-2758E2B49B8E}.Debug|Any CPU.ActiveCfg = Debug|Any CPU
		{4EEF4E5F-3902-4BE9-9828-2758E2B49B8E}.Debug|Any CPU.Build.0 = Debug|Any CPU
		{4EEF4E5F-3902-4BE9-9828-2758E2B49B8E}.Release|Any CPU.ActiveCfg = Release|Any CPU
		{4EEF4E5F-3902-4BE9-9828-2758E2B49B8E}.Release|Any CPU.Build.0 = Release|Any CPU
		{CE20885F-D0DA-4389-84CB-8BF2721EAB4F}.Debug|Any CPU.ActiveCfg = Debug|Any CPU
		{CE20885F-D0DA-4389-84CB-8BF2721EAB4F}.Debug|Any CPU.Build.0 = Debug|Any CPU
		{CE20885F-D0DA-4389-84CB-8BF2721EAB4F}.Release|Any CPU.ActiveCfg = Release|Any CPU
		{CE20885F-D0DA-4389-84CB-8BF2721EAB4F}.Release|Any CPU.Build.0 = Release|Any CPU
	EndGlobalSection
	GlobalSection(SolutionProperties) = preSolution
		HideSolutionNode = FALSE
	EndGlobalSection
	GlobalSection(ExtensibilityGlobals) = postSolution
		SolutionGuid = {D477F9E8-019F-45C6-8963-8D095FF6BCB3}
	EndGlobalSection
EndGlobal
