
Microsoft Visual Studio Solution File, Format Version 12.00
# Visual Studio Version 16
VisualStudioVersion = 16.0.31424.327
MinimumVisualStudioVersion = 10.0.40219.1
Project("{FAE04EC0-301F-11D3-BF4B-00C04F79EFBC}") = "Train", "Train\Train.csproj", "{0A3837C3-5872-4399-84EF-257843E6514B}"
EndProject
Project("{FAE04EC0-301F-11D3-BF4B-00C04F79EFBC}") = "ChangeList", "ChangeList\ChangeList.csproj", "{0DCCC0AB-3A9C-4A90-9D1B-2A94CE22565D}"
EndProject
Project("{FAE04EC0-301F-11D3-BF4B-00C04F79EFBC}") = "HouseParty", "HouseParty\HouseParty.csproj", "{3785248C-4EAF-4546-B2C5-11EDF6AE67C2}"
EndProject
Project("{FAE04EC0-301F-11D3-BF4B-00C04F79EFBC}") = "ListOperations", "ListOperations\ListOperations.csproj", "{A62DCB8A-7BEC-4AF9-9AA3-F77EA904064A}"
EndProject
Project("{FAE04EC0-301F-11D3-BF4B-00C04F79EFBC}") = "CardsGame", "CardsGame\CardsGame.csproj", "{FD41456B-CE84-426D-931B-7FF18E509960}"
EndProject
Project("{FAE04EC0-301F-11D3-BF4B-00C04F79EFBC}") = "AppendArrays", "AppendArrays\AppendArrays.csproj", "{76D30A49-6835-43A0-876B-2B36C09F9799}"
EndProject
Global
	GlobalSection(SolutionConfigurationPlatforms) = preSolution
		Debug|Any CPU = Debug|Any CPU
		Release|Any CPU = Release|Any CPU
	EndGlobalSection
	GlobalSection(ProjectConfigurationPlatforms) = postSolution
		{0A3837C3-5872-4399-84EF-257843E6514B}.Debug|Any CPU.ActiveCfg = Debug|Any CPU
		{0A3837C3-5872-4399-84EF-257843E6514B}.Debug|Any CPU.Build.0 = Debug|Any CPU
		{0A3837C3-5872-4399-84EF-257843E6514B}.Release|Any CPU.ActiveCfg = Release|Any CPU
		{0A3837C3-5872-4399-84EF-257843E6514B}.Release|Any CPU.Build.0 = Release|Any CPU
		{0DCCC0AB-3A9C-4A90-9D1B-2A94CE22565D}.Debug|Any CPU.ActiveCfg = Debug|Any CPU
		{0DCCC0AB-3A9C-4A90-9D1B-2A94CE22565D}.Debug|Any CPU.Build.0 = Debug|Any CPU
		{0DCCC0AB-3A9C-4A90-9D1B-2A94CE22565D}.Release|Any CPU.ActiveCfg = Release|Any CPU
		{0DCCC0AB-3A9C-4A90-9D1B-2A94CE22565D}.Release|Any CPU.Build.0 = Release|Any CPU
		{3785248C-4EAF-4546-B2C5-11EDF6AE67C2}.Debug|Any CPU.ActiveCfg = Debug|Any CPU
		{3785248C-4EAF-4546-B2C5-11EDF6AE67C2}.Debug|Any CPU.Build.0 = Debug|Any CPU
		{3785248C-4EAF-4546-B2C5-11EDF6AE67C2}.Release|Any CPU.ActiveCfg = Release|Any CPU
		{3785248C-4EAF-4546-B2C5-11EDF6AE67C2}.Release|Any CPU.Build.0 = Release|Any CPU
		{A62DCB8A-7BEC-4AF9-9AA3-F77EA904064A}.Debug|Any CPU.ActiveCfg = Debug|Any CPU
		{A62DCB8A-7BEC-4AF9-9AA3-F77EA904064A}.Debug|Any CPU.Build.0 = Debug|Any CPU
		{A62DCB8A-7BEC-4AF9-9AA3-F77EA904064A}.Release|Any CPU.ActiveCfg = Release|Any CPU
		{A62DCB8A-7BEC-4AF9-9AA3-F77EA904064A}.Release|Any CPU.Build.0 = Release|Any CPU
		{FD41456B-CE84-426D-931B-7FF18E509960}.Debug|Any CPU.ActiveCfg = Debug|Any CPU
		{FD41456B-CE84-426D-931B-7FF18E509960}.Debug|Any CPU.Build.0 = Debug|Any CPU
		{FD41456B-CE84-426D-931B-7FF18E509960}.Release|Any CPU.ActiveCfg = Release|Any CPU
		{FD41456B-CE84-426D-931B-7FF18E509960}.Release|Any CPU.Build.0 = Release|Any CPU
		{76D30A49-6835-43A0-876B-2B36C09F9799}.Debug|Any CPU.ActiveCfg = Debug|Any CPU
		{76D30A49-6835-43A0-876B-2B36C09F9799}.Debug|Any CPU.Build.0 = Debug|Any CPU
		{76D30A49-6835-43A0-876B-2B36C09F9799}.Release|Any CPU.ActiveCfg = Release|Any CPU
		{76D30A49-6835-43A0-876B-2B36C09F9799}.Release|Any CPU.Build.0 = Release|Any CPU
	EndGlobalSection
	GlobalSection(SolutionProperties) = preSolution
		HideSolutionNode = FALSE
	EndGlobalSection
	GlobalSection(ExtensibilityGlobals) = postSolution
		SolutionGuid = {574A3F89-6C34-4841-B0F2-98CE0425FE48}
	EndGlobalSection
EndGlobal
