
Microsoft Visual Studio Solution File, Format Version 12.00
# Visual Studio Version 16
VisualStudioVersion = 16.0.31424.327
MinimumVisualStudioVersion = 10.0.40219.1
Project("{FAE04EC0-301F-11D3-BF4B-00C04F79EFBC}") = "NationalCourt", "NationalCourt\NationalCourt.csproj", "{2EA958F7-CAAC-4A24-93A9-EEE9B26556F4}"
EndProject
Project("{FAE04EC0-301F-11D3-BF4B-00C04F79EFBC}") = "ShoppingList", "ShoppingList\ShoppingList.csproj", "{F9EBE041-1042-4011-82A2-980A41BD14EC}"
EndProject
Project("{FAE04EC0-301F-11D3-BF4B-00C04F79EFBC}") = "HeartDelivery", "HeartDelivery\HeartDelivery.csproj", "{F53B1884-5CC2-4F92-A214-6F5546DC55CF}"
EndProject
Global
	GlobalSection(SolutionConfigurationPlatforms) = preSolution
		Debug|Any CPU = Debug|Any CPU
		Release|Any CPU = Release|Any CPU
	EndGlobalSection
	GlobalSection(ProjectConfigurationPlatforms) = postSolution
		{2EA958F7-CAAC-4A24-93A9-EEE9B26556F4}.Debug|Any CPU.ActiveCfg = Debug|Any CPU
		{2EA958F7-CAAC-4A24-93A9-EEE9B26556F4}.Debug|Any CPU.Build.0 = Debug|Any CPU
		{2EA958F7-CAAC-4A24-93A9-EEE9B26556F4}.Release|Any CPU.ActiveCfg = Release|Any CPU
		{2EA958F7-CAAC-4A24-93A9-EEE9B26556F4}.Release|Any CPU.Build.0 = Release|Any CPU
		{F9EBE041-1042-4011-82A2-980A41BD14EC}.Debug|Any CPU.ActiveCfg = Debug|Any CPU
		{F9EBE041-1042-4011-82A2-980A41BD14EC}.Debug|Any CPU.Build.0 = Debug|Any CPU
		{F9EBE041-1042-4011-82A2-980A41BD14EC}.Release|Any CPU.ActiveCfg = Release|Any CPU
		{F9EBE041-1042-4011-82A2-980A41BD14EC}.Release|Any CPU.Build.0 = Release|Any CPU
		{F53B1884-5CC2-4F92-A214-6F5546DC55CF}.Debug|Any CPU.ActiveCfg = Debug|Any CPU
		{F53B1884-5CC2-4F92-A214-6F5546DC55CF}.Debug|Any CPU.Build.0 = Debug|Any CPU
		{F53B1884-5CC2-4F92-A214-6F5546DC55CF}.Release|Any CPU.ActiveCfg = Release|Any CPU
		{F53B1884-5CC2-4F92-A214-6F5546DC55CF}.Release|Any CPU.Build.0 = Release|Any CPU
	EndGlobalSection
	GlobalSection(SolutionProperties) = preSolution
		HideSolutionNode = FALSE
	EndGlobalSection
	GlobalSection(ExtensibilityGlobals) = postSolution
		SolutionGuid = {EC619107-792C-4AF6-A1AF-A632C9C5A692}
	EndGlobalSection
EndGlobal
