
Microsoft Visual Studio Solution File, Format Version 12.00
# Visual Studio Version 16
VisualStudioVersion = 16.0.30907.101
MinimumVisualStudioVersion = 10.0.40219.1
Project("{FAE04EC0-301F-11D3-BF4B-00C04F79EFBC}") = "MultidimensionalArrays", "MultidimensionalArrays\MultidimensionalArrays.csproj", "{A22E9022-FFEA-4BE6-8535-748158F3DE43}"
EndProject
Project("{FAE04EC0-301F-11D3-BF4B-00C04F79EFBC}") = "Exercise-1", "Exercise-1\Exercise-1.csproj", "{4C69E012-D0A3-4082-92E1-6AC67F9789BF}"
EndProject
Project("{FAE04EC0-301F-11D3-BF4B-00C04F79EFBC}") = "Exercise-2", "Exercise-2\Exercise-2.csproj", "{E5341A04-AB53-4760-B465-375480F294A5}"
EndProject
Project("{FAE04EC0-301F-11D3-BF4B-00C04F79EFBC}") = "Exercise-3", "Exercise-3\Exercise-3.csproj", "{9D24ECDE-4F3C-4052-A7C1-A5DD7EB8172E}"
EndProject
Project("{FAE04EC0-301F-11D3-BF4B-00C04F79EFBC}") = "Exercise-4", "Exercise-4\Exercise-4.csproj", "{7E0A55CE-A1F1-4D4F-85AB-C09B84F1B636}"
EndProject
Project("{FAE04EC0-301F-11D3-BF4B-00C04F79EFBC}") = "Exercise-5", "Exercise-5\Exercise-5.csproj", "{3687ED77-5B8B-4CC7-9EEA-1D356D631790}"
EndProject
Project("{FAE04EC0-301F-11D3-BF4B-00C04F79EFBC}") = "Exercise-6", "Exercise-6\Exercise-6.csproj", "{36C1B5A7-0EDF-4D9E-BA86-FF39CBF7F8D6}"
EndProject
Project("{FAE04EC0-301F-11D3-BF4B-00C04F79EFBC}") = "Exercise-7", "Exercise-7\Exercise-7.csproj", "{4EDAB24A-0F10-4DFE-B134-1AB312016C45}"
EndProject
Global
	GlobalSection(SolutionConfigurationPlatforms) = preSolution
		Debug|Any CPU = Debug|Any CPU
		Release|Any CPU = Release|Any CPU
	EndGlobalSection
	GlobalSection(ProjectConfigurationPlatforms) = postSolution
		{A22E9022-FFEA-4BE6-8535-748158F3DE43}.Debug|Any CPU.ActiveCfg = Debug|Any CPU
		{A22E9022-FFEA-4BE6-8535-748158F3DE43}.Debug|Any CPU.Build.0 = Debug|Any CPU
		{A22E9022-FFEA-4BE6-8535-748158F3DE43}.Release|Any CPU.ActiveCfg = Release|Any CPU
		{A22E9022-FFEA-4BE6-8535-748158F3DE43}.Release|Any CPU.Build.0 = Release|Any CPU
		{4C69E012-D0A3-4082-92E1-6AC67F9789BF}.Debug|Any CPU.ActiveCfg = Debug|Any CPU
		{4C69E012-D0A3-4082-92E1-6AC67F9789BF}.Debug|Any CPU.Build.0 = Debug|Any CPU
		{4C69E012-D0A3-4082-92E1-6AC67F9789BF}.Release|Any CPU.ActiveCfg = Release|Any CPU
		{4C69E012-D0A3-4082-92E1-6AC67F9789BF}.Release|Any CPU.Build.0 = Release|Any CPU
		{E5341A04-AB53-4760-B465-375480F294A5}.Debug|Any CPU.ActiveCfg = Debug|Any CPU
		{E5341A04-AB53-4760-B465-375480F294A5}.Debug|Any CPU.Build.0 = Debug|Any CPU
		{E5341A04-AB53-4760-B465-375480F294A5}.Release|Any CPU.ActiveCfg = Release|Any CPU
		{E5341A04-AB53-4760-B465-375480F294A5}.Release|Any CPU.Build.0 = Release|Any CPU
		{9D24ECDE-4F3C-4052-A7C1-A5DD7EB8172E}.Debug|Any CPU.ActiveCfg = Debug|Any CPU
		{9D24ECDE-4F3C-4052-A7C1-A5DD7EB8172E}.Debug|Any CPU.Build.0 = Debug|Any CPU
		{9D24ECDE-4F3C-4052-A7C1-A5DD7EB8172E}.Release|Any CPU.ActiveCfg = Release|Any CPU
		{9D24ECDE-4F3C-4052-A7C1-A5DD7EB8172E}.Release|Any CPU.Build.0 = Release|Any CPU
		{7E0A55CE-A1F1-4D4F-85AB-C09B84F1B636}.Debug|Any CPU.ActiveCfg = Debug|Any CPU
		{7E0A55CE-A1F1-4D4F-85AB-C09B84F1B636}.Debug|Any CPU.Build.0 = Debug|Any CPU
		{7E0A55CE-A1F1-4D4F-85AB-C09B84F1B636}.Release|Any CPU.ActiveCfg = Release|Any CPU
		{7E0A55CE-A1F1-4D4F-85AB-C09B84F1B636}.Release|Any CPU.Build.0 = Release|Any CPU
		{3687ED77-5B8B-4CC7-9EEA-1D356D631790}.Debug|Any CPU.ActiveCfg = Debug|Any CPU
		{3687ED77-5B8B-4CC7-9EEA-1D356D631790}.Debug|Any CPU.Build.0 = Debug|Any CPU
		{3687ED77-5B8B-4CC7-9EEA-1D356D631790}.Release|Any CPU.ActiveCfg = Release|Any CPU
		{3687ED77-5B8B-4CC7-9EEA-1D356D631790}.Release|Any CPU.Build.0 = Release|Any CPU
		{36C1B5A7-0EDF-4D9E-BA86-FF39CBF7F8D6}.Debug|Any CPU.ActiveCfg = Debug|Any CPU
		{36C1B5A7-0EDF-4D9E-BA86-FF39CBF7F8D6}.Debug|Any CPU.Build.0 = Debug|Any CPU
		{36C1B5A7-0EDF-4D9E-BA86-FF39CBF7F8D6}.Release|Any CPU.ActiveCfg = Release|Any CPU
		{36C1B5A7-0EDF-4D9E-BA86-FF39CBF7F8D6}.Release|Any CPU.Build.0 = Release|Any CPU
		{4EDAB24A-0F10-4DFE-B134-1AB312016C45}.Debug|Any CPU.ActiveCfg = Debug|Any CPU
		{4EDAB24A-0F10-4DFE-B134-1AB312016C45}.Debug|Any CPU.Build.0 = Debug|Any CPU
		{4EDAB24A-0F10-4DFE-B134-1AB312016C45}.Release|Any CPU.ActiveCfg = Release|Any CPU
		{4EDAB24A-0F10-4DFE-B134-1AB312016C45}.Release|Any CPU.Build.0 = Release|Any CPU
	EndGlobalSection
	GlobalSection(SolutionProperties) = preSolution
		HideSolutionNode = FALSE
	EndGlobalSection
	GlobalSection(ExtensibilityGlobals) = postSolution
		SolutionGuid = {79F3D8B1-8AD1-437E-87F9-2C2A7AC4123A}
	EndGlobalSection
EndGlobal
