
Microsoft Visual Studio Solution File, Format Version 12.00
# Visual Studio Version 16
VisualStudioVersion = 16.0.30907.101
MinimumVisualStudioVersion = 10.0.40219.1
Project("{9A19103F-16F7-4668-BE54-9A1E7A4F7556}") = "Inheritance", "Inheritance\Inheritance.csproj", "{A1189473-6B7B-47CF-971A-6CAEC62419B7}"
EndProject
Project("{9A19103F-16F7-4668-BE54-9A1E7A4F7556}") = "Zoo", "Zoo\Zoo.csproj", "{E91D9A2E-2645-4376-8D0E-ED17320B8AE4}"
EndProject
Project("{9A19103F-16F7-4668-BE54-9A1E7A4F7556}") = "PlayersAndMonsters", "PlayersAndMonsters\PlayersAndMonsters.csproj", "{CE718048-4C08-4422-BEE8-023C689E619A}"
EndProject
Project("{9A19103F-16F7-4668-BE54-9A1E7A4F7556}") = "NeedForSpeed", "NeedForSpeed\NeedForSpeed.csproj", "{3FC03038-ACAA-4D2A-9174-64DB3CD1E32A}"
EndProject
Project("{FAE04EC0-301F-11D3-BF4B-00C04F79EFBC}") = "Restaurant", "Restaurant\Restaurant.csproj", "{F02251FD-17AE-43D9-919A-B3FE53F207D6}"
EndProject
Project("{FAE04EC0-301F-11D3-BF4B-00C04F79EFBC}") = "Animals", "Animals\Animals.csproj", "{23392865-7E2A-4A04-8093-562B825D8B0F}"
EndProject
Global
	GlobalSection(SolutionConfigurationPlatforms) = preSolution
		Debug|Any CPU = Debug|Any CPU
		Release|Any CPU = Release|Any CPU
	EndGlobalSection
	GlobalSection(ProjectConfigurationPlatforms) = postSolution
		{A1189473-6B7B-47CF-971A-6CAEC62419B7}.Debug|Any CPU.ActiveCfg = Debug|Any CPU
		{A1189473-6B7B-47CF-971A-6CAEC62419B7}.Debug|Any CPU.Build.0 = Debug|Any CPU
		{A1189473-6B7B-47CF-971A-6CAEC62419B7}.Release|Any CPU.ActiveCfg = Release|Any CPU
		{A1189473-6B7B-47CF-971A-6CAEC62419B7}.Release|Any CPU.Build.0 = Release|Any CPU
		{E91D9A2E-2645-4376-8D0E-ED17320B8AE4}.Debug|Any CPU.ActiveCfg = Debug|Any CPU
		{E91D9A2E-2645-4376-8D0E-ED17320B8AE4}.Debug|Any CPU.Build.0 = Debug|Any CPU
		{E91D9A2E-2645-4376-8D0E-ED17320B8AE4}.Release|Any CPU.ActiveCfg = Release|Any CPU
		{E91D9A2E-2645-4376-8D0E-ED17320B8AE4}.Release|Any CPU.Build.0 = Release|Any CPU
		{CE718048-4C08-4422-BEE8-023C689E619A}.Debug|Any CPU.ActiveCfg = Debug|Any CPU
		{CE718048-4C08-4422-BEE8-023C689E619A}.Debug|Any CPU.Build.0 = Debug|Any CPU
		{CE718048-4C08-4422-BEE8-023C689E619A}.Release|Any CPU.ActiveCfg = Release|Any CPU
		{CE718048-4C08-4422-BEE8-023C689E619A}.Release|Any CPU.Build.0 = Release|Any CPU
		{3FC03038-ACAA-4D2A-9174-64DB3CD1E32A}.Debug|Any CPU.ActiveCfg = Debug|Any CPU
		{3FC03038-ACAA-4D2A-9174-64DB3CD1E32A}.Debug|Any CPU.Build.0 = Debug|Any CPU
		{3FC03038-ACAA-4D2A-9174-64DB3CD1E32A}.Release|Any CPU.ActiveCfg = Release|Any CPU
		{3FC03038-ACAA-4D2A-9174-64DB3CD1E32A}.Release|Any CPU.Build.0 = Release|Any CPU
		{F02251FD-17AE-43D9-919A-B3FE53F207D6}.Debug|Any CPU.ActiveCfg = Debug|Any CPU
		{F02251FD-17AE-43D9-919A-B3FE53F207D6}.Debug|Any CPU.Build.0 = Debug|Any CPU
		{F02251FD-17AE-43D9-919A-B3FE53F207D6}.Release|Any CPU.ActiveCfg = Release|Any CPU
		{F02251FD-17AE-43D9-919A-B3FE53F207D6}.Release|Any CPU.Build.0 = Release|Any CPU
		{23392865-7E2A-4A04-8093-562B825D8B0F}.Debug|Any CPU.ActiveCfg = Debug|Any CPU
		{23392865-7E2A-4A04-8093-562B825D8B0F}.Debug|Any CPU.Build.0 = Debug|Any CPU
		{23392865-7E2A-4A04-8093-562B825D8B0F}.Release|Any CPU.ActiveCfg = Release|Any CPU
		{23392865-7E2A-4A04-8093-562B825D8B0F}.Release|Any CPU.Build.0 = Release|Any CPU
	EndGlobalSection
	GlobalSection(SolutionProperties) = preSolution
		HideSolutionNode = FALSE
	EndGlobalSection
	GlobalSection(ExtensibilityGlobals) = postSolution
		SolutionGuid = {E145ADCB-8C20-4584-9690-DF78E13A0927}
	EndGlobalSection
EndGlobal
