
Microsoft Visual Studio Solution File, Format Version 12.00
# Visual Studio Version 16
VisualStudioVersion = 16.0.30907.101
MinimumVisualStudioVersion = 10.0.40219.1
Project("{9A19103F-16F7-4668-BE54-9A1E7A4F7556}") = "IteratorsAndComparators", "IteratorsAndComparators\IteratorsAndComparators.csproj", "{97513A52-B19F-48EB-8365-89FECD5E4EDE}"
EndProject
Project("{9A19103F-16F7-4668-BE54-9A1E7A4F7556}") = "BooksLibrary", "BooksLibrary\BooksLibrary.csproj", "{FDF6CBEE-170B-433C-809A-8D0F4291A7F9}"
EndProject
Global
	GlobalSection(SolutionConfigurationPlatforms) = preSolution
		Debug|Any CPU = Debug|Any CPU
		Release|Any CPU = Release|Any CPU
	EndGlobalSection
	GlobalSection(ProjectConfigurationPlatforms) = postSolution
		{97513A52-B19F-48EB-8365-89FECD5E4EDE}.Debug|Any CPU.ActiveCfg = Debug|Any CPU
		{97513A52-B19F-48EB-8365-89FECD5E4EDE}.Debug|Any CPU.Build.0 = Debug|Any CPU
		{97513A52-B19F-48EB-8365-89FECD5E4EDE}.Release|Any CPU.ActiveCfg = Release|Any CPU
		{97513A52-B19F-48EB-8365-89FECD5E4EDE}.Release|Any CPU.Build.0 = Release|Any CPU
		{FDF6CBEE-170B-433C-809A-8D0F4291A7F9}.Debug|Any CPU.ActiveCfg = Debug|Any CPU
		{FDF6CBEE-170B-433C-809A-8D0F4291A7F9}.Debug|Any CPU.Build.0 = Debug|Any CPU
		{FDF6CBEE-170B-433C-809A-8D0F4291A7F9}.Release|Any CPU.ActiveCfg = Release|Any CPU
		{FDF6CBEE-170B-433C-809A-8D0F4291A7F9}.Release|Any CPU.Build.0 = Release|Any CPU
	EndGlobalSection
	GlobalSection(SolutionProperties) = preSolution
		HideSolutionNode = FALSE
	EndGlobalSection
	GlobalSection(ExtensibilityGlobals) = postSolution
		SolutionGuid = {84058C56-3B85-48FA-A725-FAD3FFCD09B4}
	EndGlobalSection
EndGlobal
