
Microsoft Visual Studio Solution File, Format Version 12.00
# Visual Studio Version 16
VisualStudioVersion = 16.0.31025.194
MinimumVisualStudioVersion = 10.0.40219.1
Project("{FAE04EC0-301F-11D3-BF4B-00C04F79EFBC}") = "RealEstates.Data", "RealEstates.Data\RealEstates.Data.csproj", "{AEEC7BED-5672-4567-AAA7-1298CF019FFF}"
EndProject
Project("{FAE04EC0-301F-11D3-BF4B-00C04F79EFBC}") = "RealEstates.Services", "RealEstates.Services\RealEstates.Services.csproj", "{C69289A7-AE52-462B-ABD8-55B98A3A7EF8}"
EndProject
Project("{FAE04EC0-301F-11D3-BF4B-00C04F79EFBC}") = "RealEstates.Importer", "RealEstates.Importer\RealEstates.Importer.csproj", "{9CA499E1-705D-45B6-9753-5463636E5A8E}"
EndProject
Project("{FAE04EC0-301F-11D3-BF4B-00C04F79EFBC}") = "RealEstates.ConsoleApplication", "RealEstates.ConsoleApplication\RealEstates.ConsoleApplication.csproj", "{FC33E657-FDAD-489B-8C0C-4F80BC778892}"
EndProject
Project("{FAE04EC0-301F-11D3-BF4B-00C04F79EFBC}") = "RealEstates.Models", "RealEstates.Models\RealEstates.Models.csproj", "{7EBC2A04-FBFB-4E7E-AEE7-25AC70DF5721}"
EndProject
Global
	GlobalSection(SolutionConfigurationPlatforms) = preSolution
		Debug|Any CPU = Debug|Any CPU
		Release|Any CPU = Release|Any CPU
	EndGlobalSection
	GlobalSection(ProjectConfigurationPlatforms) = postSolution
		{AEEC7BED-5672-4567-AAA7-1298CF019FFF}.Debug|Any CPU.ActiveCfg = Debug|Any CPU
		{AEEC7BED-5672-4567-AAA7-1298CF019FFF}.Debug|Any CPU.Build.0 = Debug|Any CPU
		{AEEC7BED-5672-4567-AAA7-1298CF019FFF}.Release|Any CPU.ActiveCfg = Release|Any CPU
		{AEEC7BED-5672-4567-AAA7-1298CF019FFF}.Release|Any CPU.Build.0 = Release|Any CPU
		{C69289A7-AE52-462B-ABD8-55B98A3A7EF8}.Debug|Any CPU.ActiveCfg = Debug|Any CPU
		{C69289A7-AE52-462B-ABD8-55B98A3A7EF8}.Debug|Any CPU.Build.0 = Debug|Any CPU
		{C69289A7-AE52-462B-ABD8-55B98A3A7EF8}.Release|Any CPU.ActiveCfg = Release|Any CPU
		{C69289A7-AE52-462B-ABD8-55B98A3A7EF8}.Release|Any CPU.Build.0 = Release|Any CPU
		{9CA499E1-705D-45B6-9753-5463636E5A8E}.Debug|Any CPU.ActiveCfg = Debug|Any CPU
		{9CA499E1-705D-45B6-9753-5463636E5A8E}.Debug|Any CPU.Build.0 = Debug|Any CPU
		{9CA499E1-705D-45B6-9753-5463636E5A8E}.Release|Any CPU.ActiveCfg = Release|Any CPU
		{9CA499E1-705D-45B6-9753-5463636E5A8E}.Release|Any CPU.Build.0 = Release|Any CPU
		{FC33E657-FDAD-489B-8C0C-4F80BC778892}.Debug|Any CPU.ActiveCfg = Debug|Any CPU
		{FC33E657-FDAD-489B-8C0C-4F80BC778892}.Debug|Any CPU.Build.0 = Debug|Any CPU
		{FC33E657-FDAD-489B-8C0C-4F80BC778892}.Release|Any CPU.ActiveCfg = Release|Any CPU
		{FC33E657-FDAD-489B-8C0C-4F80BC778892}.Release|Any CPU.Build.0 = Release|Any CPU
		{7EBC2A04-FBFB-4E7E-AEE7-25AC70DF5721}.Debug|Any CPU.ActiveCfg = Debug|Any CPU
		{7EBC2A04-FBFB-4E7E-AEE7-25AC70DF5721}.Debug|Any CPU.Build.0 = Debug|Any CPU
		{7EBC2A04-FBFB-4E7E-AEE7-25AC70DF5721}.Release|Any CPU.ActiveCfg = Release|Any CPU
		{7EBC2A04-FBFB-4E7E-AEE7-25AC70DF5721}.Release|Any CPU.Build.0 = Release|Any CPU
	EndGlobalSection
	GlobalSection(SolutionProperties) = preSolution
		HideSolutionNode = FALSE
	EndGlobalSection
	GlobalSection(ExtensibilityGlobals) = postSolution
		SolutionGuid = {DEF7FDAC-A5A5-402A-A5F1-C523F731182D}
	EndGlobalSection
EndGlobal
